
Microsoft Visual Studio Solution File, Format Version 12.00
# Visual Studio Version 17
VisualStudioVersion = 17.0.31903.59
MinimumVisualStudioVersion = 10.0.40219.1
Project("{2150E333-8FDC-42A3-9474-1A3956D46DE8}") = "src", "src", "{A1317D70-BCDE-4DAA-9200-FF9EC0F8A536}"
EndProject
Project("{FAE04EC0-301F-11D3-BF4B-00C04F79EFBC}") = "C3.Blocks.InProcBus", "src\C3.Blocks.InProcBus\C3.Blocks.InProcBus.csproj", "{02FCD434-BDFB-4A16-B93C-93093812207A}"
EndProject
Project("{2150E333-8FDC-42A3-9474-1A3956D46DE8}") = "tests", "tests", "{D0021DDD-D590-4D1D-814E-D907BE26D057}"
EndProject
Project("{FAE04EC0-301F-11D3-BF4B-00C04F79EFBC}") = "C3.Blocks.InProcBus.Tests", "tests\C3.Blocks.InProcBus.Tests\C3.Blocks.InProcBus.Tests.csproj", "{BCB4E4EA-C03A-4225-8DFF-7AD8C6DDE654}"
EndProject
Global
	GlobalSection(SolutionConfigurationPlatforms) = preSolution
		Debug|Any CPU = Debug|Any CPU
		Release|Any CPU = Release|Any CPU
	EndGlobalSection
	GlobalSection(SolutionProperties) = preSolution
		HideSolutionNode = FALSE
	EndGlobalSection
	GlobalSection(ProjectConfigurationPlatforms) = postSolution
		{02FCD434-BDFB-4A16-B93C-93093812207A}.Debug|Any CPU.ActiveCfg = Debug|Any CPU
		{02FCD434-BDFB-4A16-B93C-93093812207A}.Debug|Any CPU.Build.0 = Debug|Any CPU
		{02FCD434-BDFB-4A16-B93C-93093812207A}.Release|Any CPU.ActiveCfg = Release|Any CPU
		{02FCD434-BDFB-4A16-B93C-93093812207A}.Release|Any CPU.Build.0 = Release|Any CPU
		{BCB4E4EA-C03A-4225-8DFF-7AD8C6DDE654}.Debug|Any CPU.ActiveCfg = Debug|Any CPU
		{BCB4E4EA-C03A-4225-8DFF-7AD8C6DDE654}.Debug|Any CPU.Build.0 = Debug|Any CPU
		{BCB4E4EA-C03A-4225-8DFF-7AD8C6DDE654}.Release|Any CPU.ActiveCfg = Release|Any CPU
		{BCB4E4EA-C03A-4225-8DFF-7AD8C6DDE654}.Release|Any CPU.Build.0 = Release|Any CPU
	EndGlobalSection
	GlobalSection(NestedProjects) = preSolution
		{02FCD434-BDFB-4A16-B93C-93093812207A} = {A1317D70-BCDE-4DAA-9200-FF9EC0F8A536}
		{BCB4E4EA-C03A-4225-8DFF-7AD8C6DDE654} = {D0021DDD-D590-4D1D-814E-D907BE26D057}
	EndGlobalSection
EndGlobal
